# This file was autogenerated by uv via the following command:
#    uv pip compile services/rag-service/requirements-app.in --no-emit-package torch --no-emit-package torchvision --no-emit-package torchaudio --no-emit-package triton --no-emit-package vllm --no-emit-package flashinfer-python --no-emit-package cuda-toolkit --no-emit-package nvidia-cublas --no-emit-package nvidia-cuda-cupti --no-emit-package nvidia-cuda-nvrtc --no-emit-package nvidia-cuda-runtime --no-emit-package nvidia-cudnn-cu13 --no-emit-package nvidia-cufft --no-emit-package nvidia-cufile --no-emit-package nvidia-curand --no-emit-package nvidia-cusolver --no-emit-package nvidia-cusparse --no-emit-package nvidia-cusparselt-cu13 --no-emit-package nvidia-nccl-cu13 --no-emit-package nvidia-nvjitlink --no-emit-package nvidia-nvshmem-cu13 --no-emit-package nvidia-nvtx --output-file services/rag-service/requirements-app.lock
accelerate==1.15.0
    # via
    #   flagembedding
    #   peft
aiohappyeyeballs==2.7.1
    # via aiohttp
aiohttp==3.14.3
    # via
    #   fsspec
    #   langchain-community
aiosignal==1.4.0
    # via aiohttp
annotated-doc==0.0.5
    # via
    #   fastapi
    #   typer
annotated-types==0.8.0
    # via pydantic
anyio==4.15.1
    # via
    #   httpx
    #   httpx2
    #   langsmith
    #   starlette
asyncpg==0.31.0
    # via -r services/rag-service/requirements-app.in
attrs==26.1.0
    # via aiohttp
cachetools==7.2.0
    # via pymilvus
certifi==2026.7.22
    # via
    #   httpcore
    #   httpx
    #   requests
cffi==2.1.1
    # via cryptography
cfgv==3.5.0
    # via pre-commit
charset-normalizer==3.5.1
    # via
    #   pdfminer-six
    #   requests
click==8.5.0
    # via
    #   huggingface-hub
    #   surya-ocr
    #   uvicorn
cloudpickle==3.1.2
    # via joblib
cryptography==50.0.1
    # via pdfminer-six
cuda-bindings==13.4.2
    # via torch
cuda-pathfinder==1.8.2
    # via cuda-bindings
dataclasses-json==0.6.7
    # via langchain-community
datasets==5.0.1
    # via flagembedding
dill==0.4.1
    # via
    #   datasets
    #   multiprocess
distlib==0.4.3
    # via virtualenv
distro==1.9.0
    # via langsmith
einops==0.8.2
    # via surya-ocr
et-xmlfile==2.0.0
    # via openpyxl
fastapi==0.141.1
    # via -r services/rag-service/requirements-app.in
filelock==3.32.7
    # via
    #   datasets
    #   huggingface-hub
    #   python-discovery
    #   torch
    #   virtualenv
filetype==1.2.0
    # via surya-ocr
flagembedding==1.3.5
    # via -r services/rag-service/requirements-app.in
frozenlist==1.8.0
    # via
    #   aiohttp
    #   aiosignal
fsspec==2026.6.0
    # via
    #   datasets
    #   huggingface-hub
    #   torch
greenlet==3.5.6
    # via sqlalchemy
grpcio==1.84.0
    # via pymilvus
h11==0.16.0
    # via
    #   httpcore
    #   httpcore2
    #   uvicorn
hf-xet==1.6.0
    # via huggingface-hub
httpcore==1.0.9
    # via httpx
httpcore2==2.13.0
    # via httpx2
httpx==0.28.1
    # via
    #   -r services/rag-service/requirements-app.in
    #   datasets
    #   huggingface-hub
httpx-sse==0.4.3
    # via langchain-community
httpx2==2.13.0
    # via langsmith
huggingface-hub==1.32.0
    # via
    #   accelerate
    #   datasets
    #   peft
    #   sentence-transformers
    #   tokenizers
    #   transformers
identify==2.6.19
    # via pre-commit
idna==3.20
    # via
    #   anyio
    #   httpx
    #   httpx2
    #   requests
    #   yarl
ir-datasets==0.6.3
    # via flagembedding
jinja2==3.1.6
    # via torch
joblib==1.6.0
    # via scikit-learn
jsonpatch==1.33
    # via langchain-core
jsonpointer==3.1.1
    # via jsonpatch
langchain==0.3.30
    # via
    #   -r services/rag-service/requirements-app.in
    #   langchain-community
langchain-community==0.3.31
    # via -r services/rag-service/requirements-app.in
langchain-core==0.3.86
    # via
    #   langchain
    #   langchain-community
    #   langchain-text-splitters
langchain-text-splitters==0.3.11
    # via langchain
langsmith==0.14.0
    # via
    #   langchain
    #   langchain-community
    #   langchain-core
lxml==6.1.3
    # via
    #   ir-datasets
    #   python-docx
lz4==4.4.5
    # via ir-datasets
markdown-it-py==4.2.0
    # via rich
markupsafe==3.0.3
    # via jinja2
marshmallow==3.26.2
    # via dataclasses-json
mdurl==0.1.2
    # via markdown-it-py
mpmath==1.3.0
    # via sympy
multidict==6.9.1
    # via
    #   aiohttp
    #   yarl
multiprocess==0.70.19
    # via datasets
mypy-extensions==1.1.0
    # via typing-inspect
narwhals==2.26.0
    # via scikit-learn
neo4j==5.26.0
    # via -r services/rag-service/requirements-app.in
networkx==3.7
    # via torch
nodeenv==1.10.0
    # via pre-commit
numpy==2.5.3
    # via
    #   -r services/rag-service/requirements-app.in
    #   accelerate
    #   datasets
    #   ir-datasets
    #   langchain-community
    #   opencv-python-headless
    #   pandas
    #   peft
    #   scikit-learn
    #   scipy
    #   sentence-transformers
    #   transformers
opencv-python-headless==4.11.0.86
    # via
    #   -r services/rag-service/requirements-app.in
    #   surya-ocr
openpyxl==3.1.5
    # via -r services/rag-service/requirements-app.in
orjson==3.12.0
    # via
    #   langsmith
    #   pymilvus
packaging==25.0
    # via
    #   accelerate
    #   datasets
    #   huggingface-hub
    #   langchain-core
    #   langsmith
    #   marshmallow
    #   peft
    #   transformers
pandas==3.0.6
    # via
    #   datasets
    #   pymilvus
pdfminer-six==20251230
    # via pdfplumber
pdfplumber==0.11.9
    # via -r services/rag-service/requirements-app.in
peft==0.21.0
    # via flagembedding
pillow==10.4.0
    # via
    #   -r services/rag-service/requirements-app.in
    #   pdfplumber
    #   surya-ocr
platformdirs==4.11.12
    # via
    #   surya-ocr
    #   virtualenv
pre-commit==4.6.2
    # via surya-ocr
prometheus-client==0.26.0
    # via
    #   -r services/rag-service/requirements-app.in
    #   prometheus-fastapi-instrumentator
prometheus-fastapi-instrumentator==7.1.0
    # via -r services/rag-service/requirements-app.in
propcache==0.5.4
    # via
    #   aiohttp
    #   yarl
protobuf==7.36.2
    # via
    #   flagembedding
    #   pymilvus
psutil==7.2.2
    # via
    #   accelerate
    #   peft
psycopg2-binary==2.9.13
    # via -r services/rag-service/requirements-app.in
pyarrow==25.0.1
    # via datasets
pycparser==3.0
    # via cffi
pydantic==2.13.5
    # via
    #   fastapi
    #   langchain
    #   langchain-core
    #   langsmith
    #   pydantic-settings
    #   surya-ocr
pydantic-core==2.46.5
    # via pydantic
pydantic-settings==2.15.0
    # via
    #   -r services/rag-service/requirements-app.in
    #   langchain-community
    #   surya-ocr
pygments==2.21.0
    # via rich
pyjwt==2.14.0
    # via redis
pymilvus==2.6.17
    # via -r services/rag-service/requirements-app.in
pymupdf==1.28.2
    # via -r services/rag-service/requirements-app.in
pypdfium2==4.30.0
    # via
    #   pdfplumber
    #   surya-ocr
python-dateutil==2.9.0.post0
    # via pandas
python-discovery==1.6.1
    # via virtualenv
python-docx==1.2.0
    # via -r services/rag-service/requirements-app.in
python-dotenv==1.2.3
    # via
    #   -r services/rag-service/requirements-app.in
    #   pydantic-settings
    #   pymilvus
    #   surya-ocr
pytz==2026.3.post1
    # via neo4j
pyyaml==6.0.3
    # via
    #   accelerate
    #   datasets
    #   huggingface-hub
    #   ir-datasets
    #   langchain
    #   langchain-community
    #   langchain-core
    #   peft
    #   pre-commit
    #   transformers
redis==5.3.1
    # via -r services/rag-service/requirements-app.in
regex==2026.9.10
    # via transformers
requests==2.34.2
    # via
    #   datasets
    #   ir-datasets
    #   langchain
    #   langchain-community
    #   langsmith
    #   pymilvus
    #   requests-toolbelt
requests-toolbelt==1.0.0
    # via langsmith
rich==15.0.0
    # via typer
safetensors==0.8.0
    # via
    #   accelerate
    #   peft
    #   transformers
scikit-learn==1.9.1
    # via sentence-transformers
scipy==1.18.1
    # via
    #   scikit-learn
    #   sentence-transformers
sentence-transformers==5.7.0
    # via
    #   -r services/rag-service/requirements-app.in
    #   flagembedding
sentencepiece==0.2.2
    # via flagembedding
setuptools==84.0.0
    # via torch
shellingham==1.5.4
    # via typer
six==1.17.0
    # via python-dateutil
sniffio==1.3.1
    # via langsmith
sqlalchemy==2.0.54
    # via
    #   -r services/rag-service/requirements-app.in
    #   langchain
    #   langchain-community
starlette==0.52.1
    # via
    #   fastapi
    #   prometheus-fastapi-instrumentator
surya-ocr==0.17.1
    # via -r services/rag-service/requirements-app.in
sympy==1.14.0
    # via torch
tenacity==9.1.4
    # via
    #   langchain-community
    #   langchain-core
threadpoolctl==3.7.0
    # via scikit-learn
tokenizers==0.23.2
    # via
    #   sentence-transformers
    #   transformers
tqdm==4.70.1
    # via
    #   -r services/rag-service/requirements-app.in
    #   datasets
    #   huggingface-hub
    #   ir-datasets
    #   peft
    #   sentence-transformers
    #   transformers
transformers==5.17.0
    # via
    #   flagembedding
    #   peft
    #   sentence-transformers
    #   surya-ocr
truststore==0.10.4
    # via
    #   httpcore2
    #   httpx2
typer==0.27.2
    # via transformers
typing-extensions==4.16.0
    # via
    #   aiohttp
    #   aiosignal
    #   anyio
    #   fastapi
    #   grpcio
    #   httpx2
    #   huggingface-hub
    #   langchain-core
    #   langsmith
    #   pydantic
    #   pydantic-core
    #   python-docx
    #   sentence-transformers
    #   sqlalchemy
    #   starlette
    #   torch
    #   typing-inspect
    #   typing-inspection
typing-inspect==0.9.0
    # via dataclasses-json
typing-inspection==0.4.4
    # via
    #   fastapi
    #   pydantic
    #   pydantic-settings
urllib3==2.8.0
    # via requests
uuid-utils==0.17.1
    # via
    #   langchain-core
    #   langsmith
uvicorn==0.53.0
    # via -r services/rag-service/requirements-app.in
virtualenv==21.9.1
    # via pre-commit
watchdog==4.0.2
    # via -r services/rag-service/requirements-app.in
websockets==17.1
    # via langsmith
xxhash==4.0.1
    # via
    #   datasets
    #   langsmith
yarl==1.25.1
    # via aiohttp
zstandard==0.25.0
    # via langsmith

# The following packages were excluded from the output:
# torch
# triton
# cuda-toolkit
# nvidia-cublas
# nvidia-cuda-cupti
# nvidia-cuda-nvrtc
# nvidia-cuda-runtime
# nvidia-cudnn-cu13
# nvidia-cufft
# nvidia-cufile
# nvidia-curand
# nvidia-cusolver
# nvidia-cusparse
# nvidia-cusparselt-cu13
# nvidia-nccl-cu13
# nvidia-nvjitlink
# nvidia-nvshmem-cu13
# nvidia-nvtx
