# This file was autogenerated by uv via the following command:
#    uv pip compile services/rag-service/requirements-ci.txt -o services/rag-service/requirements-ci.lock
annotated-doc==0.0.5
    # via fastapi
annotated-types==0.8.0
    # via pydantic
anyio==4.15.1
    # via
    #   httpx
    #   starlette
asyncpg==0.31.0
    # via -r services/rag-service/requirements-ci.txt
cachetools==7.2.0
    # via pymilvus
certifi==2026.7.22
    # via
    #   httpcore
    #   httpx
    #   requests
cffi==2.1.1
    # via cryptography
charset-normalizer==3.5.1
    # via
    #   pdfminer-six
    #   requests
click==8.5.0
    # via uvicorn
cryptography==50.0.1
    # via pdfminer-six
fastapi==0.141.1
    # via -r services/rag-service/requirements-ci.txt
greenlet==3.5.6
    # via sqlalchemy
grpcio==1.84.0
    # via pymilvus
h11==0.16.0
    # via
    #   httpcore
    #   uvicorn
httpcore==1.0.9
    # via httpx
httpx==0.28.1
    # via -r services/rag-service/requirements-ci.txt
idna==3.20
    # via
    #   anyio
    #   httpx
    #   requests
lxml==6.1.3
    # via python-docx
neo4j==5.23.1
    # via -r services/rag-service/requirements-ci.txt
numpy==2.5.3
    # via
    #   -r services/rag-service/requirements-ci.txt
    #   opencv-python-headless
    #   pandas
opencv-python-headless==5.0.0.93
    # via -r services/rag-service/requirements-ci.txt
orjson==3.12.0
    # via pymilvus
pandas==3.0.6
    # via pymilvus
pdfminer-six==20260107
    # via pdfplumber
pdfplumber==0.11.10
    # via -r services/rag-service/requirements-ci.txt
pillow==12.3.0
    # via
    #   -r services/rag-service/requirements-ci.txt
    #   pdfplumber
prometheus-client==0.26.0
    # via prometheus-fastapi-instrumentator
prometheus-fastapi-instrumentator==8.1.0
    # via -r services/rag-service/requirements-ci.txt
protobuf==7.36.2
    # via pymilvus
psycopg2-binary==2.9.13
    # via -r services/rag-service/requirements-ci.txt
pycparser==3.0
    # via cffi
pydantic==2.13.5
    # via
    #   fastapi
    #   pydantic-settings
pydantic-core==2.46.5
    # via pydantic
pydantic-settings==2.15.0
    # via -r services/rag-service/requirements-ci.txt
pyjwt==2.14.0
    # via redis
pymilvus==2.6.17
    # via -r services/rag-service/requirements-ci.txt
pymupdf==1.28.2
    # via -r services/rag-service/requirements-ci.txt
pypdfium2==5.13.0
    # via pdfplumber
python-dateutil==2.9.0.post0
    # via pandas
python-docx==1.2.0
    # via -r services/rag-service/requirements-ci.txt
python-dotenv==1.2.3
    # via
    #   -r services/rag-service/requirements-ci.txt
    #   pydantic-settings
    #   pymilvus
pytz==2026.3.post1
    # via neo4j
redis==5.3.1
    # via -r services/rag-service/requirements-ci.txt
requests==2.34.2
    # via pymilvus
six==1.17.0
    # via python-dateutil
sqlalchemy==2.0.54
    # via -r services/rag-service/requirements-ci.txt
starlette==1.6.0
    # via
    #   fastapi
    #   prometheus-fastapi-instrumentator
tqdm==4.70.1
    # via -r services/rag-service/requirements-ci.txt
typing-extensions==4.16.0
    # via
    #   anyio
    #   fastapi
    #   grpcio
    #   pydantic
    #   pydantic-core
    #   python-docx
    #   sqlalchemy
    #   starlette
    #   typing-inspection
typing-inspection==0.4.4
    # via
    #   fastapi
    #   pydantic
    #   pydantic-settings
urllib3==2.8.0
    # via requests
uvicorn==0.53.0
    # via -r services/rag-service/requirements-ci.txt
watchdog==6.0.0
    # via -r services/rag-service/requirements-ci.txt
