# This file was autogenerated by uv via the following command:
#    uv pip compile services/rag-service/requirements-app.in --no-emit-package torch --no-emit-package torchvision --no-emit-package torchaudio --no-emit-package vllm --no-emit-package triton --no-emit-package transformers --no-emit-package tokenizers --no-emit-package huggingface-hub --no-emit-package safetensors --no-emit-package cuda-bindings --no-emit-package cuda-pathfinder --no-emit-package cuda-toolkit --no-emit-package nvidia-cublas --no-emit-package nvidia-cuda-cupti --no-emit-package nvidia-cuda-nvrtc --no-emit-package nvidia-cuda-runtime --no-emit-package nvidia-cudnn-cu13 --no-emit-package nvidia-cufft --no-emit-package nvidia-cufile --no-emit-package nvidia-curand --no-emit-package nvidia-cusolver --no-emit-package nvidia-cusparse --no-emit-package nvidia-cusparselt-cu13 --no-emit-package nvidia-nccl-cu13 --no-emit-package nvidia-nvjitlink --no-emit-package nvidia-nvshmem-cu13 --no-emit-package nvidia-nvtx -o services/rag-service/requirements-app.lock
accelerate==1.15.0
    # via
    #   flagembedding
    #   peft
aiohappyeyeballs==2.7.1
    # via aiohttp
aiohttp==3.14.3
    # via fsspec
aiosignal==1.4.0
    # via aiohttp
annotated-doc==0.0.5
    # via
    #   fastapi
    #   typer
annotated-types==0.8.0
    # via pydantic
anyio==4.15.1
    # via
    #   httpx
    #   starlette
asyncpg==0.31.0
    # via -r services/rag-service/requirements-app.in
attrs==26.1.0
    # via aiohttp
cachetools==7.2.0
    # via pymilvus
certifi==2026.7.22
    # via
    #   httpcore
    #   httpx
    #   requests
cffi==2.1.1
    # via cryptography
charset-normalizer==3.5.1
    # via
    #   pdfminer-six
    #   requests
click==8.5.0
    # via
    #   huggingface-hub
    #   uvicorn
cloudpickle==3.1.2
    # via joblib
cryptography==50.0.1
    # via pdfminer-six
datasets==5.0.1
    # via flagembedding
dill==0.4.1
    # via
    #   datasets
    #   multiprocess
et-xmlfile==2.0.0
    # via openpyxl
fastapi==0.141.1
    # via -r services/rag-service/requirements-app.in
filelock==3.32.7
    # via
    #   datasets
    #   huggingface-hub
    #   torch
flagembedding==1.3.5
    # via -r services/rag-service/requirements-app.in
frozenlist==1.8.0
    # via
    #   aiohttp
    #   aiosignal
fsspec==2026.6.0
    # via
    #   datasets
    #   huggingface-hub
    #   torch
greenlet==3.5.6
    # via sqlalchemy
grpcio==1.84.0
    # via pymilvus
h11==0.16.0
    # via
    #   httpcore
    #   uvicorn
hf-xet==1.6.0
    # via huggingface-hub
httpcore==1.0.9
    # via httpx
httpx==0.28.1
    # via
    #   -r services/rag-service/requirements-app.in
    #   datasets
    #   huggingface-hub
idna==3.20
    # via
    #   anyio
    #   httpx
    #   requests
    #   yarl
ir-datasets==0.6.3
    # via flagembedding
jinja2==3.1.6
    # via torch
joblib==1.6.0
    # via scikit-learn
lxml==6.1.3
    # via
    #   ir-datasets
    #   python-docx
lz4==4.4.5
    # via ir-datasets
markdown-it-py==4.2.0
    # via rich
markupsafe==3.0.3
    # via jinja2
mdurl==0.1.2
    # via markdown-it-py
mpmath==1.3.0
    # via sympy
multidict==6.9.1
    # via
    #   aiohttp
    #   yarl
multiprocess==0.70.19
    # via datasets
narwhals==2.26.0
    # via scikit-learn
neo4j==5.26.0
    # via -r services/rag-service/requirements-app.in
networkx==3.7
    # via torch
numpy==2.5.3
    # via
    #   -r services/rag-service/requirements-app.in
    #   accelerate
    #   datasets
    #   ir-datasets
    #   opencv-python-headless
    #   pandas
    #   peft
    #   scikit-learn
    #   scipy
    #   sentence-transformers
    #   transformers
opencv-python-headless==4.11.0.86
    # via -r services/rag-service/requirements-app.in
openpyxl==3.1.5
    # via -r services/rag-service/requirements-app.in
orjson==3.12.0
    # via pymilvus
packaging==25.0
    # via
    #   accelerate
    #   datasets
    #   huggingface-hub
    #   peft
    #   transformers
pandas==3.0.6
    # via
    #   datasets
    #   pymilvus
pdfminer-six==20251230
    # via pdfplumber
pdfplumber==0.11.9
    # via -r services/rag-service/requirements-app.in
peft==0.21.0
    # via flagembedding
pillow==12.3.0
    # via
    #   -r services/rag-service/requirements-app.in
    #   pdfplumber
prometheus-client==0.26.0
    # via
    #   -r services/rag-service/requirements-app.in
    #   prometheus-fastapi-instrumentator
prometheus-fastapi-instrumentator==8.1.0
    # via -r services/rag-service/requirements-app.in
propcache==0.5.4
    # via
    #   aiohttp
    #   yarl
protobuf==7.36.2
    # via
    #   flagembedding
    #   pymilvus
psutil==7.2.2
    # via
    #   accelerate
    #   peft
psycopg2-binary==2.9.13
    # via -r services/rag-service/requirements-app.in
pyarrow==25.0.1
    # via datasets
pycparser==3.0
    # via cffi
pydantic==2.13.5
    # via
    #   fastapi
    #   pydantic-settings
pydantic-core==2.46.5
    # via pydantic
pydantic-settings==2.15.0
    # via -r services/rag-service/requirements-app.in
pygments==2.21.0
    # via rich
pyjwt==2.14.0
    # via redis
pymilvus==2.6.17
    # via -r services/rag-service/requirements-app.in
pymupdf==1.28.2
    # via -r services/rag-service/requirements-app.in
pypdfium2==4.30.0
    # via pdfplumber
python-dateutil==2.9.0.post0
    # via pandas
python-docx==1.2.0
    # via -r services/rag-service/requirements-app.in
python-dotenv==1.2.3
    # via
    #   -r services/rag-service/requirements-app.in
    #   pydantic-settings
    #   pymilvus
pytz==2026.3.post1
    # via neo4j
pyyaml==6.0.3
    # via
    #   accelerate
    #   datasets
    #   huggingface-hub
    #   ir-datasets
    #   peft
    #   transformers
redis==5.3.1
    # via -r services/rag-service/requirements-app.in
regex==2026.9.10
    # via transformers
requests==2.34.2
    # via
    #   datasets
    #   ir-datasets
    #   pymilvus
rich==15.0.0
    # via typer
scikit-learn==1.9.1
    # via sentence-transformers
scipy==1.18.1
    # via
    #   scikit-learn
    #   sentence-transformers
sentence-transformers==5.7.0
    # via
    #   -r services/rag-service/requirements-app.in
    #   flagembedding
sentencepiece==0.2.2
    # via flagembedding
setuptools==84.0.0
    # via torch
shellingham==1.5.4
    # via typer
six==1.17.0
    # via python-dateutil
sqlalchemy==2.0.54
    # via -r services/rag-service/requirements-app.in
starlette==1.6.0
    # via
    #   fastapi
    #   prometheus-fastapi-instrumentator
sympy==1.14.0
    # via torch
threadpoolctl==3.7.0
    # via scikit-learn
tqdm==4.70.1
    # via
    #   -r services/rag-service/requirements-app.in
    #   datasets
    #   huggingface-hub
    #   ir-datasets
    #   peft
    #   sentence-transformers
    #   transformers
typer==0.27.2
    # via transformers
typing-extensions==4.16.0
    # via
    #   aiohttp
    #   aiosignal
    #   anyio
    #   fastapi
    #   grpcio
    #   huggingface-hub
    #   pydantic
    #   pydantic-core
    #   python-docx
    #   sentence-transformers
    #   sqlalchemy
    #   starlette
    #   torch
    #   typing-inspection
typing-inspection==0.4.4
    # via
    #   fastapi
    #   pydantic
    #   pydantic-settings
urllib3==2.8.0
    # via requests
uvicorn==0.53.0
    # via -r services/rag-service/requirements-app.in
watchdog==4.0.2
    # via -r services/rag-service/requirements-app.in
xxhash==4.0.1
    # via datasets
yarl==1.25.1
    # via aiohttp

# The following packages were excluded from the output:
# torch
# triton
# transformers
# tokenizers
# huggingface-hub
# safetensors
# cuda-bindings
# cuda-pathfinder
# cuda-toolkit
# nvidia-cublas
# nvidia-cuda-cupti
# nvidia-cuda-nvrtc
# nvidia-cuda-runtime
# nvidia-cudnn-cu13
# nvidia-cufft
# nvidia-cufile
# nvidia-curand
# nvidia-cusolver
# nvidia-cusparse
# nvidia-cusparselt-cu13
# nvidia-nccl-cu13
# nvidia-nvjitlink
# nvidia-nvshmem-cu13
# nvidia-nvtx
